
Microsoft Visual Studio Solution File, Format Version 12.00
# Visual Studio Version 17
VisualStudioVersion = 17.10.34928.147
MinimumVisualStudioVersion = 10.0.40219.1
Project("{FAE04EC0-301F-11D3-BF4B-00C04F79EFBC}") = "lab4", "lab4\lab4.csproj", "{A6716AB7-2407-4304-B5DF-F71E7E19E3AD}"
EndProject
Global
	GlobalSection(SolutionConfigurationPlatforms) = preSolution
		Debug|Any CPU = Debug|Any CPU
		Release|Any CPU = Release|Any CPU
	EndGlobalSection
	GlobalSection(ProjectConfigurationPlatforms) = postSolution
		{A6716AB7-2407-4304-B5DF-F71E7E19E3AD}.Debug|Any CPU.ActiveCfg = Debug|Any CPU
		{A6716AB7-2407-4304-B5DF-F71E7E19E3AD}.Debug|Any CPU.Build.0 = Debug|Any CPU
		{A6716AB7-2407-4304-B5DF-F71E7E19E3AD}.Release|Any CPU.ActiveCfg = Release|Any CPU
		{A6716AB7-2407-4304-B5DF-F71E7E19E3AD}.Release|Any CPU.Build.0 = Release|Any CPU
	EndGlobalSection
	GlobalSection(SolutionProperties) = preSolution
		HideSolutionNode = FALSE
	EndGlobalSection
	GlobalSection(ExtensibilityGlobals) = postSolution
		SolutionGuid = {41A8FF06-EDC4-4576-B762-3C931ED44C6F}
	EndGlobalSection
EndGlobal
